
Microsoft Visual Studio Solution File, Format Version 12.00
# Visual Studio 14
VisualStudioVersion = 14.0.25420.1
MinimumVisualStudioVersion = 10.0.40219.1
Project("{FAE04EC0-301F-11D3-BF4B-00C04F79EFBC}") = "TestLoadCLibApp.iOS", "TestLoadCLibApp\TestLoadCLibApp.iOS\TestLoadCLibApp.iOS.csproj", "{516D71D9-9D0F-4897-BBD9-AC1744AFBC56}"
EndProject
Project("{FAE04EC0-301F-11D3-BF4B-00C04F79EFBC}") = "TestLoadCLibApp.Droid", "TestLoadCLibApp\TestLoadCLibApp.Droid\TestLoadCLibApp.Droid.csproj", "{3B681DBC-EB00-4EB9-95D0-1DB6D77429D2}"
EndProject
Project("{8BC9CEB8-8B4A-11D0-8D11-00A0C91BC942}") = "SeparateCLib.Shared", "..\SeparateCLib\SeparateCLib\SeparateCLib.Shared\SeparateCLib.Shared.vcxitems", "{D6F348FD-DE8A-42AD-A521-7220B67BA425}"
EndProject
Project("{8BC9CEB8-8B4A-11D0-8D11-00A0C91BC942}") = "SeparateCLib.Android", "..\SeparateCLib\SeparateCLib\SeparateCLib.Android\SeparateCLib.Android.vcxproj", "{6EF94E0E-5B1E-4873-B380-8E1FF81BC3F3}"
EndProject
Global
	GlobalSection(SharedMSBuildProjectFiles) = preSolution
		..\SeparateCLib\SeparateCLib\SeparateCLib.Shared\SeparateCLib.Shared.vcxitems*{6ef94e0e-5b1e-4873-b380-8e1ff81bc3f3}*SharedItemsImports = 4
		..\SeparateCLib\SeparateCLib\SeparateCLib.Shared\SeparateCLib.Shared.vcxitems*{d6f348fd-de8a-42ad-a521-7220b67ba425}*SharedItemsImports = 9
	EndGlobalSection
	GlobalSection(SolutionConfigurationPlatforms) = preSolution
		AppStore|Any CPU = AppStore|Any CPU
		AppStore|ARM = AppStore|ARM
		AppStore|ARM64 = AppStore|ARM64
		AppStore|iPhone = AppStore|iPhone
		AppStore|iPhoneSimulator = AppStore|iPhoneSimulator
		AppStore|x64 = AppStore|x64
		AppStore|x86 = AppStore|x86
		Debug|Any CPU = Debug|Any CPU
		Debug|ARM = Debug|ARM
		Debug|ARM64 = Debug|ARM64
		Debug|iPhone = Debug|iPhone
		Debug|iPhoneSimulator = Debug|iPhoneSimulator
		Debug|x64 = Debug|x64
		Debug|x86 = Debug|x86
		MinSizeRel|Any CPU = MinSizeRel|Any CPU
		MinSizeRel|ARM = MinSizeRel|ARM
		MinSizeRel|ARM64 = MinSizeRel|ARM64
		MinSizeRel|iPhone = MinSizeRel|iPhone
		MinSizeRel|iPhoneSimulator = MinSizeRel|iPhoneSimulator
		MinSizeRel|x64 = MinSizeRel|x64
		MinSizeRel|x86 = MinSizeRel|x86
		Release|Any CPU = Release|Any CPU
		Release|ARM = Release|ARM
		Release|ARM64 = Release|ARM64
		Release|iPhone = Release|iPhone
		Release|iPhoneSimulator = Release|iPhoneSimulator
		Release|x64 = Release|x64
		Release|x86 = Release|x86
		RelWithDebInfo|Any CPU = RelWithDebInfo|Any CPU
		RelWithDebInfo|ARM = RelWithDebInfo|ARM
		RelWithDebInfo|ARM64 = RelWithDebInfo|ARM64
		RelWithDebInfo|iPhone = RelWithDebInfo|iPhone
		RelWithDebInfo|iPhoneSimulator = RelWithDebInfo|iPhoneSimulator
		RelWithDebInfo|x64 = RelWithDebInfo|x64
		RelWithDebInfo|x86 = RelWithDebInfo|x86
	EndGlobalSection
	GlobalSection(ProjectConfigurationPlatforms) = postSolution
		{516D71D9-9D0F-4897-BBD9-AC1744AFBC56}.AppStore|Any CPU.ActiveCfg = Release|iPhone
		{516D71D9-9D0F-4897-BBD9-AC1744AFBC56}.AppStore|Any CPU.Build.0 = Release|iPhone
		{516D71D9-9D0F-4897-BBD9-AC1744AFBC56}.AppStore|ARM.ActiveCfg = Release|iPhone
		{516D71D9-9D0F-4897-BBD9-AC1744AFBC56}.AppStore|ARM.Build.0 = Release|iPhone
		{516D71D9-9D0F-4897-BBD9-AC1744AFBC56}.AppStore|ARM64.ActiveCfg = Release|iPhone
		{516D71D9-9D0F-4897-BBD9-AC1744AFBC56}.AppStore|ARM64.Build.0 = Release|iPhone
		{516D71D9-9D0F-4897-BBD9-AC1744AFBC56}.AppStore|iPhone.ActiveCfg = Release|iPhone
		{516D71D9-9D0F-4897-BBD9-AC1744AFBC56}.AppStore|iPhone.Build.0 = Release|iPhone
		{516D71D9-9D0F-4897-BBD9-AC1744AFBC56}.AppStore|iPhoneSimulator.ActiveCfg = Release|iPhoneSimulator
		{516D71D9-9D0F-4897-BBD9-AC1744AFBC56}.AppStore|iPhoneSimulator.Build.0 = Release|iPhoneSimulator
		{516D71D9-9D0F-4897-BBD9-AC1744AFBC56}.AppStore|x64.ActiveCfg = Release|iPhone
		{516D71D9-9D0F-4897-BBD9-AC1744AFBC56}.AppStore|x64.Build.0 = Release|iPhone
		{516D71D9-9D0F-4897-BBD9-AC1744AFBC56}.AppStore|x86.ActiveCfg = Release|iPhone
		{516D71D9-9D0F-4897-BBD9-AC1744AFBC56}.AppStore|x86.Build.0 = Release|iPhone
		{516D71D9-9D0F-4897-BBD9-AC1744AFBC56}.Debug|Any CPU.ActiveCfg = Debug|iPhone
		{516D71D9-9D0F-4897-BBD9-AC1744AFBC56}.Debug|ARM.ActiveCfg = Debug|iPhoneSimulator
		{516D71D9-9D0F-4897-BBD9-AC1744AFBC56}.Debug|ARM64.ActiveCfg = Debug|iPhoneSimulator
		{516D71D9-9D0F-4897-BBD9-AC1744AFBC56}.Debug|iPhone.ActiveCfg = Debug|iPhone
		{516D71D9-9D0F-4897-BBD9-AC1744AFBC56}.Debug|iPhone.Build.0 = Debug|iPhone
		{516D71D9-9D0F-4897-BBD9-AC1744AFBC56}.Debug|iPhoneSimulator.ActiveCfg = Debug|iPhoneSimulator
		{516D71D9-9D0F-4897-BBD9-AC1744AFBC56}.Debug|iPhoneSimulator.Build.0 = Debug|iPhoneSimulator
		{516D71D9-9D0F-4897-BBD9-AC1744AFBC56}.Debug|x64.ActiveCfg = Debug|iPhoneSimulator
		{516D71D9-9D0F-4897-BBD9-AC1744AFBC56}.Debug|x86.ActiveCfg = Debug|iPhoneSimulator
		{516D71D9-9D0F-4897-BBD9-AC1744AFBC56}.MinSizeRel|Any CPU.ActiveCfg = Release|iPhoneSimulator
		{516D71D9-9D0F-4897-BBD9-AC1744AFBC56}.MinSizeRel|Any CPU.Build.0 = Release|iPhoneSimulator
		{516D71D9-9D0F-4897-BBD9-AC1744AFBC56}.MinSizeRel|ARM.ActiveCfg = Release|iPhoneSimulator
		{516D71D9-9D0F-4897-BBD9-AC1744AFBC56}.MinSizeRel|ARM.Build.0 = Release|iPhoneSimulator
		{516D71D9-9D0F-4897-BBD9-AC1744AFBC56}.MinSizeRel|ARM64.ActiveCfg = Release|iPhoneSimulator
		{516D71D9-9D0F-4897-BBD9-AC1744AFBC56}.MinSizeRel|ARM64.Build.0 = Release|iPhoneSimulator
		{516D71D9-9D0F-4897-BBD9-AC1744AFBC56}.MinSizeRel|iPhone.ActiveCfg = Release|iPhone
		{516D71D9-9D0F-4897-BBD9-AC1744AFBC56}.MinSizeRel|iPhone.Build.0 = Release|iPhone
		{516D71D9-9D0F-4897-BBD9-AC1744AFBC56}.MinSizeRel|iPhoneSimulator.ActiveCfg = Release|iPhoneSimulator
		{516D71D9-9D0F-4897-BBD9-AC1744AFBC56}.MinSizeRel|iPhoneSimulator.Build.0 = Release|iPhoneSimulator
		{516D71D9-9D0F-4897-BBD9-AC1744AFBC56}.MinSizeRel|x64.ActiveCfg = Release|iPhoneSimulator
		{516D71D9-9D0F-4897-BBD9-AC1744AFBC56}.MinSizeRel|x64.Build.0 = Release|iPhoneSimulator
		{516D71D9-9D0F-4897-BBD9-AC1744AFBC56}.MinSizeRel|x86.ActiveCfg = Release|iPhoneSimulator
		{516D71D9-9D0F-4897-BBD9-AC1744AFBC56}.MinSizeRel|x86.Build.0 = Release|iPhoneSimulator
		{516D71D9-9D0F-4897-BBD9-AC1744AFBC56}.Release|Any CPU.ActiveCfg = Release|iPhone
		{516D71D9-9D0F-4897-BBD9-AC1744AFBC56}.Release|ARM.ActiveCfg = Release|iPhoneSimulator
		{516D71D9-9D0F-4897-BBD9-AC1744AFBC56}.Release|ARM64.ActiveCfg = Release|iPhoneSimulator
		{516D71D9-9D0F-4897-BBD9-AC1744AFBC56}.Release|iPhone.ActiveCfg = Release|iPhone
		{516D71D9-9D0F-4897-BBD9-AC1744AFBC56}.Release|iPhone.Build.0 = Release|iPhone
		{516D71D9-9D0F-4897-BBD9-AC1744AFBC56}.Release|iPhoneSimulator.ActiveCfg = Release|iPhoneSimulator
		{516D71D9-9D0F-4897-BBD9-AC1744AFBC56}.Release|iPhoneSimulator.Build.0 = Release|iPhoneSimulator
		{516D71D9-9D0F-4897-BBD9-AC1744AFBC56}.Release|x64.ActiveCfg = Release|iPhoneSimulator
		{516D71D9-9D0F-4897-BBD9-AC1744AFBC56}.Release|x86.ActiveCfg = Release|iPhoneSimulator
		{516D71D9-9D0F-4897-BBD9-AC1744AFBC56}.RelWithDebInfo|Any CPU.ActiveCfg = Release|iPhoneSimulator
		{516D71D9-9D0F-4897-BBD9-AC1744AFBC56}.RelWithDebInfo|Any CPU.Build.0 = Release|iPhoneSimulator
		{516D71D9-9D0F-4897-BBD9-AC1744AFBC56}.RelWithDebInfo|ARM.ActiveCfg = Release|iPhoneSimulator
		{516D71D9-9D0F-4897-BBD9-AC1744AFBC56}.RelWithDebInfo|ARM.Build.0 = Release|iPhoneSimulator
		{516D71D9-9D0F-4897-BBD9-AC1744AFBC56}.RelWithDebInfo|ARM64.ActiveCfg = Release|iPhoneSimulator
		{516D71D9-9D0F-4897-BBD9-AC1744AFBC56}.RelWithDebInfo|ARM64.Build.0 = Release|iPhoneSimulator
		{516D71D9-9D0F-4897-BBD9-AC1744AFBC56}.RelWithDebInfo|iPhone.ActiveCfg = Release|iPhone
		{516D71D9-9D0F-4897-BBD9-AC1744AFBC56}.RelWithDebInfo|iPhone.Build.0 = Release|iPhone
		{516D71D9-9D0F-4897-BBD9-AC1744AFBC56}.RelWithDebInfo|iPhoneSimulator.ActiveCfg = Release|iPhoneSimulator
		{516D71D9-9D0F-4897-BBD9-AC1744AFBC56}.RelWithDebInfo|iPhoneSimulator.Build.0 = Release|iPhoneSimulator
		{516D71D9-9D0F-4897-BBD9-AC1744AFBC56}.RelWithDebInfo|x64.ActiveCfg = Release|iPhoneSimulator
		{516D71D9-9D0F-4897-BBD9-AC1744AFBC56}.RelWithDebInfo|x64.Build.0 = Release|iPhoneSimulator
		{516D71D9-9D0F-4897-BBD9-AC1744AFBC56}.RelWithDebInfo|x86.ActiveCfg = Release|iPhoneSimulator
		{516D71D9-9D0F-4897-BBD9-AC1744AFBC56}.RelWithDebInfo|x86.Build.0 = Release|iPhoneSimulator
		{3B681DBC-EB00-4EB9-95D0-1DB6D77429D2}.AppStore|Any CPU.ActiveCfg = Release|Any CPU
		{3B681DBC-EB00-4EB9-95D0-1DB6D77429D2}.AppStore|Any CPU.Build.0 = Release|Any CPU
		{3B681DBC-EB00-4EB9-95D0-1DB6D77429D2}.AppStore|Any CPU.Deploy.0 = Release|Any CPU
		{3B681DBC-EB00-4EB9-95D0-1DB6D77429D2}.AppStore|ARM.ActiveCfg = Release|Any CPU
		{3B681DBC-EB00-4EB9-95D0-1DB6D77429D2}.AppStore|ARM.Build.0 = Release|Any CPU
		{3B681DBC-EB00-4EB9-95D0-1DB6D77429D2}.AppStore|ARM.Deploy.0 = Release|Any CPU
		{3B681DBC-EB00-4EB9-95D0-1DB6D77429D2}.AppStore|ARM64.ActiveCfg = Release|Any CPU
		{3B681DBC-EB00-4EB9-95D0-1DB6D77429D2}.AppStore|ARM64.Build.0 = Release|Any CPU
		{3B681DBC-EB00-4EB9-95D0-1DB6D77429D2}.AppStore|ARM64.Deploy.0 = Release|Any CPU
		{3B681DBC-EB00-4EB9-95D0-1DB6D77429D2}.AppStore|iPhone.ActiveCfg = Release|Any CPU
		{3B681DBC-EB00-4EB9-95D0-1DB6D77429D2}.AppStore|iPhone.Build.0 = Release|Any CPU
		{3B681DBC-EB00-4EB9-95D0-1DB6D77429D2}.AppStore|iPhone.Deploy.0 = Release|Any CPU
		{3B681DBC-EB00-4EB9-95D0-1DB6D77429D2}.AppStore|iPhoneSimulator.ActiveCfg = Release|Any CPU
		{3B681DBC-EB00-4EB9-95D0-1DB6D77429D2}.AppStore|iPhoneSimulator.Build.0 = Release|Any CPU
		{3B681DBC-EB00-4EB9-95D0-1DB6D77429D2}.AppStore|iPhoneSimulator.Deploy.0 = Release|Any CPU
		{3B681DBC-EB00-4EB9-95D0-1DB6D77429D2}.AppStore|x64.ActiveCfg = Release|Any CPU
		{3B681DBC-EB00-4EB9-95D0-1DB6D77429D2}.AppStore|x64.Build.0 = Release|Any CPU
		{3B681DBC-EB00-4EB9-95D0-1DB6D77429D2}.AppStore|x64.Deploy.0 = Release|Any CPU
		{3B681DBC-EB00-4EB9-95D0-1DB6D77429D2}.AppStore|x86.ActiveCfg = Release|x86
		{3B681DBC-EB00-4EB9-95D0-1DB6D77429D2}.AppStore|x86.Build.0 = Release|x86
		{3B681DBC-EB00-4EB9-95D0-1DB6D77429D2}.AppStore|x86.Deploy.0 = Release|x86
		{3B681DBC-EB00-4EB9-95D0-1DB6D77429D2}.Debug|Any CPU.ActiveCfg = Debug|Any CPU
		{3B681DBC-EB00-4EB9-95D0-1DB6D77429D2}.Debug|Any CPU.Build.0 = Debug|Any CPU
		{3B681DBC-EB00-4EB9-95D0-1DB6D77429D2}.Debug|Any CPU.Deploy.0 = Debug|Any CPU
		{3B681DBC-EB00-4EB9-95D0-1DB6D77429D2}.Debug|ARM.ActiveCfg = Debug|Any CPU
		{3B681DBC-EB00-4EB9-95D0-1DB6D77429D2}.Debug|ARM.Build.0 = Debug|Any CPU
		{3B681DBC-EB00-4EB9-95D0-1DB6D77429D2}.Debug|ARM.Deploy.0 = Debug|Any CPU
		{3B681DBC-EB00-4EB9-95D0-1DB6D77429D2}.Debug|ARM64.ActiveCfg = Debug|Any CPU
		{3B681DBC-EB00-4EB9-95D0-1DB6D77429D2}.Debug|ARM64.Build.0 = Debug|Any CPU
		{3B681DBC-EB00-4EB9-95D0-1DB6D77429D2}.Debug|ARM64.Deploy.0 = Debug|Any CPU
		{3B681DBC-EB00-4EB9-95D0-1DB6D77429D2}.Debug|iPhone.ActiveCfg = Debug|Any CPU
		{3B681DBC-EB00-4EB9-95D0-1DB6D77429D2}.Debug|iPhone.Build.0 = Debug|Any CPU
		{3B681DBC-EB00-4EB9-95D0-1DB6D77429D2}.Debug|iPhone.Deploy.0 = Debug|Any CPU
		{3B681DBC-EB00-4EB9-95D0-1DB6D77429D2}.Debug|iPhoneSimulator.ActiveCfg = Debug|Any CPU
		{3B681DBC-EB00-4EB9-95D0-1DB6D77429D2}.Debug|iPhoneSimulator.Build.0 = Debug|Any CPU
		{3B681DBC-EB00-4EB9-95D0-1DB6D77429D2}.Debug|iPhoneSimulator.Deploy.0 = Debug|Any CPU
		{3B681DBC-EB00-4EB9-95D0-1DB6D77429D2}.Debug|x64.ActiveCfg = Debug|Any CPU
		{3B681DBC-EB00-4EB9-95D0-1DB6D77429D2}.Debug|x64.Build.0 = Debug|Any CPU
		{3B681DBC-EB00-4EB9-95D0-1DB6D77429D2}.Debug|x64.Deploy.0 = Debug|Any CPU
		{3B681DBC-EB00-4EB9-95D0-1DB6D77429D2}.Debug|x86.ActiveCfg = Debug|x86
		{3B681DBC-EB00-4EB9-95D0-1DB6D77429D2}.Debug|x86.Build.0 = Debug|x86
		{3B681DBC-EB00-4EB9-95D0-1DB6D77429D2}.Debug|x86.Deploy.0 = Debug|x86
		{3B681DBC-EB00-4EB9-95D0-1DB6D77429D2}.MinSizeRel|Any CPU.ActiveCfg = Release|Any CPU
		{3B681DBC-EB00-4EB9-95D0-1DB6D77429D2}.MinSizeRel|Any CPU.Build.0 = Release|Any CPU
		{3B681DBC-EB00-4EB9-95D0-1DB6D77429D2}.MinSizeRel|Any CPU.Deploy.0 = Release|Any CPU
		{3B681DBC-EB00-4EB9-95D0-1DB6D77429D2}.MinSizeRel|ARM.ActiveCfg = Release|Any CPU
		{3B681DBC-EB00-4EB9-95D0-1DB6D77429D2}.MinSizeRel|ARM.Build.0 = Release|Any CPU
		{3B681DBC-EB00-4EB9-95D0-1DB6D77429D2}.MinSizeRel|ARM.Deploy.0 = Release|Any CPU
		{3B681DBC-EB00-4EB9-95D0-1DB6D77429D2}.MinSizeRel|ARM64.ActiveCfg = Release|Any CPU
		{3B681DBC-EB00-4EB9-95D0-1DB6D77429D2}.MinSizeRel|ARM64.Build.0 = Release|Any CPU
		{3B681DBC-EB00-4EB9-95D0-1DB6D77429D2}.MinSizeRel|ARM64.Deploy.0 = Release|Any CPU
		{3B681DBC-EB00-4EB9-95D0-1DB6D77429D2}.MinSizeRel|iPhone.ActiveCfg = Release|Any CPU
		{3B681DBC-EB00-4EB9-95D0-1DB6D77429D2}.MinSizeRel|iPhone.Build.0 = Release|Any CPU
		{3B681DBC-EB00-4EB9-95D0-1DB6D77429D2}.MinSizeRel|iPhone.Deploy.0 = Release|Any CPU
		{3B681DBC-EB00-4EB9-95D0-1DB6D77429D2}.MinSizeRel|iPhoneSimulator.ActiveCfg = Release|Any CPU
		{3B681DBC-EB00-4EB9-95D0-1DB6D77429D2}.MinSizeRel|iPhoneSimulator.Build.0 = Release|Any CPU
		{3B681DBC-EB00-4EB9-95D0-1DB6D77429D2}.MinSizeRel|iPhoneSimulator.Deploy.0 = Release|Any CPU
		{3B681DBC-EB00-4EB9-95D0-1DB6D77429D2}.MinSizeRel|x64.ActiveCfg = Release|Any CPU
		{3B681DBC-EB00-4EB9-95D0-1DB6D77429D2}.MinSizeRel|x64.Build.0 = Release|Any CPU
		{3B681DBC-EB00-4EB9-95D0-1DB6D77429D2}.MinSizeRel|x64.Deploy.0 = Release|Any CPU
		{3B681DBC-EB00-4EB9-95D0-1DB6D77429D2}.MinSizeRel|x86.ActiveCfg = Release|x86
		{3B681DBC-EB00-4EB9-95D0-1DB6D77429D2}.MinSizeRel|x86.Build.0 = Release|x86
		{3B681DBC-EB00-4EB9-95D0-1DB6D77429D2}.MinSizeRel|x86.Deploy.0 = Release|x86
		{3B681DBC-EB00-4EB9-95D0-1DB6D77429D2}.Release|Any CPU.ActiveCfg = Release|Any CPU
		{3B681DBC-EB00-4EB9-95D0-1DB6D77429D2}.Release|Any CPU.Build.0 = Release|Any CPU
		{3B681DBC-EB00-4EB9-95D0-1DB6D77429D2}.Release|Any CPU.Deploy.0 = Release|Any CPU
		{3B681DBC-EB00-4EB9-95D0-1DB6D77429D2}.Release|ARM.ActiveCfg = Release|Any CPU
		{3B681DBC-EB00-4EB9-95D0-1DB6D77429D2}.Release|ARM.Build.0 = Release|Any CPU
		{3B681DBC-EB00-4EB9-95D0-1DB6D77429D2}.Release|ARM.Deploy.0 = Release|Any CPU
		{3B681DBC-EB00-4EB9-95D0-1DB6D77429D2}.Release|ARM64.ActiveCfg = Release|Any CPU
		{3B681DBC-EB00-4EB9-95D0-1DB6D77429D2}.Release|ARM64.Build.0 = Release|Any CPU
		{3B681DBC-EB00-4EB9-95D0-1DB6D77429D2}.Release|ARM64.Deploy.0 = Release|Any CPU
		{3B681DBC-EB00-4EB9-95D0-1DB6D77429D2}.Release|iPhone.ActiveCfg = Release|Any CPU
		{3B681DBC-EB00-4EB9-95D0-1DB6D77429D2}.Release|iPhone.Build.0 = Release|Any CPU
		{3B681DBC-EB00-4EB9-95D0-1DB6D77429D2}.Release|iPhone.Deploy.0 = Release|Any CPU
		{3B681DBC-EB00-4EB9-95D0-1DB6D77429D2}.Release|iPhoneSimulator.ActiveCfg = Release|Any CPU
		{3B681DBC-EB00-4EB9-95D0-1DB6D77429D2}.Release|iPhoneSimulator.Build.0 = Release|Any CPU
		{3B681DBC-EB00-4EB9-95D0-1DB6D77429D2}.Release|iPhoneSimulator.Deploy.0 = Release|Any CPU
		{3B681DBC-EB00-4EB9-95D0-1DB6D77429D2}.Release|x64.ActiveCfg = Release|Any CPU
		{3B681DBC-EB00-4EB9-95D0-1DB6D77429D2}.Release|x64.Build.0 = Release|Any CPU
		{3B681DBC-EB00-4EB9-95D0-1DB6D77429D2}.Release|x64.Deploy.0 = Release|Any CPU
		{3B681DBC-EB00-4EB9-95D0-1DB6D77429D2}.Release|x86.ActiveCfg = Release|x86
		{3B681DBC-EB00-4EB9-95D0-1DB6D77429D2}.Release|x86.Build.0 = Release|x86
		{3B681DBC-EB00-4EB9-95D0-1DB6D77429D2}.Release|x86.Deploy.0 = Release|x86
		{3B681DBC-EB00-4EB9-95D0-1DB6D77429D2}.RelWithDebInfo|Any CPU.ActiveCfg = Release|Any CPU
		{3B681DBC-EB00-4EB9-95D0-1DB6D77429D2}.RelWithDebInfo|Any CPU.Build.0 = Release|Any CPU
		{3B681DBC-EB00-4EB9-95D0-1DB6D77429D2}.RelWithDebInfo|Any CPU.Deploy.0 = Release|Any CPU
		{3B681DBC-EB00-4EB9-95D0-1DB6D77429D2}.RelWithDebInfo|ARM.ActiveCfg = Release|Any CPU
		{3B681DBC-EB00-4EB9-95D0-1DB6D77429D2}.RelWithDebInfo|ARM.Build.0 = Release|Any CPU
		{3B681DBC-EB00-4EB9-95D0-1DB6D77429D2}.RelWithDebInfo|ARM.Deploy.0 = Release|Any CPU
		{3B681DBC-EB00-4EB9-95D0-1DB6D77429D2}.RelWithDebInfo|ARM64.ActiveCfg = Release|Any CPU
		{3B681DBC-EB00-4EB9-95D0-1DB6D77429D2}.RelWithDebInfo|ARM64.Build.0 = Release|Any CPU
		{3B681DBC-EB00-4EB9-95D0-1DB6D77429D2}.RelWithDebInfo|ARM64.Deploy.0 = Release|Any CPU
		{3B681DBC-EB00-4EB9-95D0-1DB6D77429D2}.RelWithDebInfo|iPhone.ActiveCfg = Release|Any CPU
		{3B681DBC-EB00-4EB9-95D0-1DB6D77429D2}.RelWithDebInfo|iPhone.Build.0 = Release|Any CPU
		{3B681DBC-EB00-4EB9-95D0-1DB6D77429D2}.RelWithDebInfo|iPhone.Deploy.0 = Release|Any CPU
		{3B681DBC-EB00-4EB9-95D0-1DB6D77429D2}.RelWithDebInfo|iPhoneSimulator.ActiveCfg = Release|Any CPU
		{3B681DBC-EB00-4EB9-95D0-1DB6D77429D2}.RelWithDebInfo|iPhoneSimulator.Build.0 = Release|Any CPU
		{3B681DBC-EB00-4EB9-95D0-1DB6D77429D2}.RelWithDebInfo|iPhoneSimulator.Deploy.0 = Release|Any CPU
		{3B681DBC-EB00-4EB9-95D0-1DB6D77429D2}.RelWithDebInfo|x64.ActiveCfg = Release|Any CPU
		{3B681DBC-EB00-4EB9-95D0-1DB6D77429D2}.RelWithDebInfo|x64.Build.0 = Release|Any CPU
		{3B681DBC-EB00-4EB9-95D0-1DB6D77429D2}.RelWithDebInfo|x64.Deploy.0 = Release|Any CPU
		{3B681DBC-EB00-4EB9-95D0-1DB6D77429D2}.RelWithDebInfo|x86.ActiveCfg = Release|x86
		{3B681DBC-EB00-4EB9-95D0-1DB6D77429D2}.RelWithDebInfo|x86.Build.0 = Release|x86
		{3B681DBC-EB00-4EB9-95D0-1DB6D77429D2}.RelWithDebInfo|x86.Deploy.0 = Release|x86
		{6EF94E0E-5B1E-4873-B380-8E1FF81BC3F3}.AppStore|Any CPU.ActiveCfg = Release|x86
		{6EF94E0E-5B1E-4873-B380-8E1FF81BC3F3}.AppStore|Any CPU.Build.0 = Release|x86
		{6EF94E0E-5B1E-4873-B380-8E1FF81BC3F3}.AppStore|ARM.ActiveCfg = Release|ARM
		{6EF94E0E-5B1E-4873-B380-8E1FF81BC3F3}.AppStore|ARM.Build.0 = Release|ARM
		{6EF94E0E-5B1E-4873-B380-8E1FF81BC3F3}.AppStore|ARM64.ActiveCfg = Release|ARM64
		{6EF94E0E-5B1E-4873-B380-8E1FF81BC3F3}.AppStore|ARM64.Build.0 = Release|ARM64
		{6EF94E0E-5B1E-4873-B380-8E1FF81BC3F3}.AppStore|iPhone.ActiveCfg = Release|x86
		{6EF94E0E-5B1E-4873-B380-8E1FF81BC3F3}.AppStore|iPhone.Build.0 = Release|x86
		{6EF94E0E-5B1E-4873-B380-8E1FF81BC3F3}.AppStore|iPhoneSimulator.ActiveCfg = Release|x86
		{6EF94E0E-5B1E-4873-B380-8E1FF81BC3F3}.AppStore|iPhoneSimulator.Build.0 = Release|x86
		{6EF94E0E-5B1E-4873-B380-8E1FF81BC3F3}.AppStore|x64.ActiveCfg = Release|x64
		{6EF94E0E-5B1E-4873-B380-8E1FF81BC3F3}.AppStore|x64.Build.0 = Release|x64
		{6EF94E0E-5B1E-4873-B380-8E1FF81BC3F3}.AppStore|x86.ActiveCfg = Release|x86
		{6EF94E0E-5B1E-4873-B380-8E1FF81BC3F3}.AppStore|x86.Build.0 = Release|x86
		{6EF94E0E-5B1E-4873-B380-8E1FF81BC3F3}.Debug|Any CPU.ActiveCfg = Debug|x86
		{6EF94E0E-5B1E-4873-B380-8E1FF81BC3F3}.Debug|ARM.ActiveCfg = Debug|ARM
		{6EF94E0E-5B1E-4873-B380-8E1FF81BC3F3}.Debug|ARM.Build.0 = Debug|ARM
		{6EF94E0E-5B1E-4873-B380-8E1FF81BC3F3}.Debug|ARM64.ActiveCfg = Debug|ARM64
		{6EF94E0E-5B1E-4873-B380-8E1FF81BC3F3}.Debug|ARM64.Build.0 = Debug|ARM64
		{6EF94E0E-5B1E-4873-B380-8E1FF81BC3F3}.Debug|iPhone.ActiveCfg = Debug|x86
		{6EF94E0E-5B1E-4873-B380-8E1FF81BC3F3}.Debug|iPhoneSimulator.ActiveCfg = Debug|x86
		{6EF94E0E-5B1E-4873-B380-8E1FF81BC3F3}.Debug|x64.ActiveCfg = Debug|x64
		{6EF94E0E-5B1E-4873-B380-8E1FF81BC3F3}.Debug|x64.Build.0 = Debug|x64
		{6EF94E0E-5B1E-4873-B380-8E1FF81BC3F3}.Debug|x86.ActiveCfg = Debug|x86
		{6EF94E0E-5B1E-4873-B380-8E1FF81BC3F3}.Debug|x86.Build.0 = Debug|x86
		{6EF94E0E-5B1E-4873-B380-8E1FF81BC3F3}.MinSizeRel|Any CPU.ActiveCfg = Release|x86
		{6EF94E0E-5B1E-4873-B380-8E1FF81BC3F3}.MinSizeRel|Any CPU.Build.0 = Release|x86
		{6EF94E0E-5B1E-4873-B380-8E1FF81BC3F3}.MinSizeRel|ARM.ActiveCfg = Release|ARM
		{6EF94E0E-5B1E-4873-B380-8E1FF81BC3F3}.MinSizeRel|ARM.Build.0 = Release|ARM
		{6EF94E0E-5B1E-4873-B380-8E1FF81BC3F3}.MinSizeRel|ARM64.ActiveCfg = Release|ARM64
		{6EF94E0E-5B1E-4873-B380-8E1FF81BC3F3}.MinSizeRel|ARM64.Build.0 = Release|ARM64
		{6EF94E0E-5B1E-4873-B380-8E1FF81BC3F3}.MinSizeRel|iPhone.ActiveCfg = Release|x86
		{6EF94E0E-5B1E-4873-B380-8E1FF81BC3F3}.MinSizeRel|iPhone.Build.0 = Release|x86
		{6EF94E0E-5B1E-4873-B380-8E1FF81BC3F3}.MinSizeRel|iPhoneSimulator.ActiveCfg = Release|x86
		{6EF94E0E-5B1E-4873-B380-8E1FF81BC3F3}.MinSizeRel|iPhoneSimulator.Build.0 = Release|x86
		{6EF94E0E-5B1E-4873-B380-8E1FF81BC3F3}.MinSizeRel|x64.ActiveCfg = Release|x64
		{6EF94E0E-5B1E-4873-B380-8E1FF81BC3F3}.MinSizeRel|x64.Build.0 = Release|x64
		{6EF94E0E-5B1E-4873-B380-8E1FF81BC3F3}.MinSizeRel|x86.ActiveCfg = Release|x86
		{6EF94E0E-5B1E-4873-B380-8E1FF81BC3F3}.MinSizeRel|x86.Build.0 = Release|x86
		{6EF94E0E-5B1E-4873-B380-8E1FF81BC3F3}.Release|Any CPU.ActiveCfg = Release|x86
		{6EF94E0E-5B1E-4873-B380-8E1FF81BC3F3}.Release|ARM.ActiveCfg = Release|ARM
		{6EF94E0E-5B1E-4873-B380-8E1FF81BC3F3}.Release|ARM.Build.0 = Release|ARM
		{6EF94E0E-5B1E-4873-B380-8E1FF81BC3F3}.Release|ARM64.ActiveCfg = Release|ARM64
		{6EF94E0E-5B1E-4873-B380-8E1FF81BC3F3}.Release|ARM64.Build.0 = Release|ARM64
		{6EF94E0E-5B1E-4873-B380-8E1FF81BC3F3}.Release|iPhone.ActiveCfg = Release|x86
		{6EF94E0E-5B1E-4873-B380-8E1FF81BC3F3}.Release|iPhoneSimulator.ActiveCfg = Release|x86
		{6EF94E0E-5B1E-4873-B380-8E1FF81BC3F3}.Release|x64.ActiveCfg = Release|x64
		{6EF94E0E-5B1E-4873-B380-8E1FF81BC3F3}.Release|x64.Build.0 = Release|x64
		{6EF94E0E-5B1E-4873-B380-8E1FF81BC3F3}.Release|x86.ActiveCfg = Release|x86
		{6EF94E0E-5B1E-4873-B380-8E1FF81BC3F3}.Release|x86.Build.0 = Release|x86
		{6EF94E0E-5B1E-4873-B380-8E1FF81BC3F3}.RelWithDebInfo|Any CPU.ActiveCfg = Release|x86
		{6EF94E0E-5B1E-4873-B380-8E1FF81BC3F3}.RelWithDebInfo|Any CPU.Build.0 = Release|x86
		{6EF94E0E-5B1E-4873-B380-8E1FF81BC3F3}.RelWithDebInfo|ARM.ActiveCfg = Release|ARM
		{6EF94E0E-5B1E-4873-B380-8E1FF81BC3F3}.RelWithDebInfo|ARM.Build.0 = Release|ARM
		{6EF94E0E-5B1E-4873-B380-8E1FF81BC3F3}.RelWithDebInfo|ARM64.ActiveCfg = Release|ARM64
		{6EF94E0E-5B1E-4873-B380-8E1FF81BC3F3}.RelWithDebInfo|ARM64.Build.0 = Release|ARM64
		{6EF94E0E-5B1E-4873-B380-8E1FF81BC3F3}.RelWithDebInfo|iPhone.ActiveCfg = Release|x86
		{6EF94E0E-5B1E-4873-B380-8E1FF81BC3F3}.RelWithDebInfo|iPhone.Build.0 = Release|x86
		{6EF94E0E-5B1E-4873-B380-8E1FF81BC3F3}.RelWithDebInfo|iPhoneSimulator.ActiveCfg = Release|x86
		{6EF94E0E-5B1E-4873-B380-8E1FF81BC3F3}.RelWithDebInfo|iPhoneSimulator.Build.0 = Release|x86
		{6EF94E0E-5B1E-4873-B380-8E1FF81BC3F3}.RelWithDebInfo|x64.ActiveCfg = Release|x64
		{6EF94E0E-5B1E-4873-B380-8E1FF81BC3F3}.RelWithDebInfo|x64.Build.0 = Release|x64
		{6EF94E0E-5B1E-4873-B380-8E1FF81BC3F3}.RelWithDebInfo|x86.ActiveCfg = Release|x86
		{6EF94E0E-5B1E-4873-B380-8E1FF81BC3F3}.RelWithDebInfo|x86.Build.0 = Release|x86
	EndGlobalSection
	GlobalSection(SolutionProperties) = preSolution
		HideSolutionNode = FALSE
	EndGlobalSection
EndGlobal
